
Microsoft Visual Studio Solution File, Format Version 12.00
# Visual Studio Version 16
VisualStudioVersion = 16.0.30002.166
MinimumVisualStudioVersion = 10.0.40219.1
Project("{9A19103F-16F7-4668-BE54-9A1E7A4F7556}") = "ReportProcessor.Common", "ReportProcessor.Common\ReportProcessor.Common.csproj", "{25AEB3E2-44FD-4596-8BE7-1E0843F99026}"
EndProject
Project("{9A19103F-16F7-4668-BE54-9A1E7A4F7556}") = "ReportProcessor", "ReportProcessor\ReportProcessor.csproj", "{F5AFB514-22C3-4144-97CB-7A2E0BB5EBAE}"
EndProject
Global
	GlobalSection(SolutionConfigurationPlatforms) = preSolution
		Debug|Any CPU = Debug|Any CPU
		Release|Any CPU = Release|Any CPU
	EndGlobalSection
	GlobalSection(ProjectConfigurationPlatforms) = postSolution
		{25AEB3E2-44FD-4596-8BE7-1E0843F99026}.Debug|Any CPU.ActiveCfg = Debug|Any CPU
		{25AEB3E2-44FD-4596-8BE7-1E0843F99026}.Debug|Any CPU.Build.0 = Debug|Any CPU
		{25AEB3E2-44FD-4596-8BE7-1E0843F99026}.Release|Any CPU.ActiveCfg = Release|Any CPU
		{25AEB3E2-44FD-4596-8BE7-1E0843F99026}.Release|Any CPU.Build.0 = Release|Any CPU
		{F5AFB514-22C3-4144-97CB-7A2E0BB5EBAE}.Debug|Any CPU.ActiveCfg = Debug|Any CPU
		{F5AFB514-22C3-4144-97CB-7A2E0BB5EBAE}.Debug|Any CPU.Build.0 = Debug|Any CPU
		{F5AFB514-22C3-4144-97CB-7A2E0BB5EBAE}.Release|Any CPU.ActiveCfg = Release|Any CPU
		{F5AFB514-22C3-4144-97CB-7A2E0BB5EBAE}.Release|Any CPU.Build.0 = Release|Any CPU
	EndGlobalSection
	GlobalSection(SolutionProperties) = preSolution
		HideSolutionNode = FALSE
	EndGlobalSection
	GlobalSection(ExtensibilityGlobals) = postSolution
		SolutionGuid = {775DEFFB-6866-46E5-A060-4E0969DF7E01}
	EndGlobalSection
EndGlobal
